dependencies:
- name: gpsd-api-gateway
  repository: https://gpsd-ase.github.io/gpsd-api-gateway/
  version: 0.1.0
- name: gpsd-user-mgmt
  repository: https://gpsd-ase.github.io/gpsd-user-mgmt/
  version: 0.1.0
- name: gpsd-map-mgmt
  repository: https://gpsd-ase.github.io/gpsd-map-mgmt/
  version: 0.1.0
digest: sha256:77d64c9f0ee9b63e1d62f043681fbc26258799869486ca257a643d51ec497624
generated: "2025-02-22T12:56:59.550852327+01:00"
