dependencies:
- name: gpsd-api-gateway
  repository: https://gpsd-ase.github.io/gpsd-api-gateway/
  version: 0.1.0
- name: gpsd-user-mgmt
  repository: https://gpsd-ase.github.io/gpsd-user-mgmt/
  version: 0.1.0
- name: gpsd-map-mgmt
  repository: https://gpsd-ase.github.io/gpsd-map-mgmt/
  version: 0.1.0
- name: gpsd-vfy-engine
  repository: https://gpsd-ase.github.io/gpsd-vfy-engine/
  version: 0.1.0
digest: sha256:c6a5a508a7ba2387de764c561e43d2dcbb6840f9404c320fd756c6508df67b7d
generated: "2025-03-13T16:04:15.16951Z"
