dependencies:
- name: gpsd-api-gateway
  repository: https://gpsd-ase.github.io/gpsd-api-gateway/
  version: 0.1.30
- name: gpsd-user-mgmt
  repository: https://gpsd-ase.github.io/gpsd-user-mgmt/
  version: 0.1.10
- name: gpsd-map-mgmt
  repository: https://gpsd-ase.github.io/gpsd-map-mgmt/
  version: 0.0.19
- name: gpsd-incident-mgmt
  repository: https://gpsd-ase.github.io/gpsd-incident-mgmt/
  version: 0.0.7
- name: gpsd-escalation-mgmt
  repository: https://gpsd-ase.github.io/gpsd-escalation-mgmt/
  version: 0.0.2
digest: sha256:3f37a1090dd2be0b8ff357531a2027537cdc7692347238e4ee8e766d41a8f146
generated: "2025-04-11T13:58:18.597285349+02:00"
