dependencies:
- name: gpsd-api-gateway
  repository: https://gpsd-ase.github.io/gpsd-api-gateway/
  version: 0.1.1
- name: gpsd-user-mgmt
  repository: https://gpsd-ase.github.io/gpsd-user-mgmt/
  version: 0.1.1
- name: gpsd-map-mgmt
  repository: https://gpsd-ase.github.io/gpsd-map-mgmt/
  version: 0.0.15
- name: gpsd-vfy-engine
  repository: https://gpsd-ase.github.io/gpsd-vfy-engine/
  version: 0.1.0
digest: sha256:e7bc153b992ff9521c5d982e25aeccb2f69d7314e46ac3f5681f36c0106cd971
generated: "2025-03-21T21:01:43.868442214+01:00"
